
Microsoft Visual Studio Solution File, Format Version 12.00
Project("{F2A71F9B-5D33-465A-A702-920D77279786}") = "FBlob.Core", "FBlob.Core\FBlob.Core.fsproj", "{BA07F90E-2AD4-4ECE-8B21-E35ABF3CEA71}"
EndProject
Project("{F2A71F9B-5D33-465A-A702-920D77279786}") = "FBlob.Console", "FBlob.Console\FBlob.Console.fsproj", "{E90159C2-5D6F-4EC9-9CC0-31801D4E1C24}"
EndProject
Project("{2150E333-8FDC-42A3-9474-1A3956D46DE8}") = "Documentation", "Documentation", "{D3FC2B19-7B9B-45D3-A7A9-FCA8F02F0581}"
ProjectSection(SolutionItems) = preProject
	README.md = README.md
EndProjectSection
EndProject
Project("{2150E333-8FDC-42A3-9474-1A3956D46DE8}") = "Scripts", "Scripts", "{5DD8AE2F-B6E4-4216-A281-6C620A95010B}"
EndProject
Project("{F2A71F9B-5D33-465A-A702-920D77279786}") = "FBlob.Host", "FBlob.Host\FBlob.Host.fsproj", "{93D80BE4-BAEB-4D68-94B6-7B64CE42D5F0}"
EndProject
Global
	GlobalSection(SolutionConfigurationPlatforms) = preSolution
		Debug|Any CPU = Debug|Any CPU
		Release|Any CPU = Release|Any CPU
	EndGlobalSection
	GlobalSection(ProjectConfigurationPlatforms) = postSolution
		{BA07F90E-2AD4-4ECE-8B21-E35ABF3CEA71}.Debug|Any CPU.ActiveCfg = Debug|Any CPU
		{BA07F90E-2AD4-4ECE-8B21-E35ABF3CEA71}.Debug|Any CPU.Build.0 = Debug|Any CPU
		{BA07F90E-2AD4-4ECE-8B21-E35ABF3CEA71}.Release|Any CPU.ActiveCfg = Release|Any CPU
		{BA07F90E-2AD4-4ECE-8B21-E35ABF3CEA71}.Release|Any CPU.Build.0 = Release|Any CPU
		{E90159C2-5D6F-4EC9-9CC0-31801D4E1C24}.Debug|Any CPU.ActiveCfg = Debug|Any CPU
		{E90159C2-5D6F-4EC9-9CC0-31801D4E1C24}.Debug|Any CPU.Build.0 = Debug|Any CPU
		{E90159C2-5D6F-4EC9-9CC0-31801D4E1C24}.Release|Any CPU.ActiveCfg = Release|Any CPU
		{E90159C2-5D6F-4EC9-9CC0-31801D4E1C24}.Release|Any CPU.Build.0 = Release|Any CPU
		{93D80BE4-BAEB-4D68-94B6-7B64CE42D5F0}.Debug|Any CPU.ActiveCfg = Debug|Any CPU
		{93D80BE4-BAEB-4D68-94B6-7B64CE42D5F0}.Debug|Any CPU.Build.0 = Debug|Any CPU
		{93D80BE4-BAEB-4D68-94B6-7B64CE42D5F0}.Release|Any CPU.ActiveCfg = Release|Any CPU
		{93D80BE4-BAEB-4D68-94B6-7B64CE42D5F0}.Release|Any CPU.Build.0 = Release|Any CPU
	EndGlobalSection
EndGlobal
