
Microsoft Visual Studio Solution File, Format Version 12.00
Project("{F2A71F9B-5D33-465A-A702-920D77279786}") = "FBlob.Core", "FBlob.Core\FBlob.Core.fsproj", "{BA07F90E-2AD4-4ECE-8B21-E35ABF3CEA71}"
EndProject
Project("{F2A71F9B-5D33-465A-A702-920D77279786}") = "FBlob.Console", "FBlob.Console\FBlob.Console.fsproj", "{E90159C2-5D6F-4EC9-9CC0-31801D4E1C24}"
EndProject
Project("{2150E333-8FDC-42A3-9474-1A3956D46DE8}") = "Documentation", "Documentation", "{D3FC2B19-7B9B-45D3-A7A9-FCA8F02F0581}"
ProjectSection(SolutionItems) = preProject
	README.md = README.md
	TODO.md = TODO.md
EndProjectSection
EndProject
Project("{2150E333-8FDC-42A3-9474-1A3956D46DE8}") = "Scripts", "Scripts", "{5DD8AE2F-B6E4-4216-A281-6C620A95010B}"
EndProject
Project("{F2A71F9B-5D33-465A-A702-920D77279786}") = "FBlob.App", "FBlob.App\FBlob.App.fsproj", "{1D308312-6DF6-4363-8411-0534CE3C9700}"
EndProject
Project("{F2A71F9B-5D33-465A-A702-920D77279786}") = "FBlob.Hosting", "FBlob.Hosting\FBlob.Hosting.fsproj", "{25676797-D181-4554-B773-3A3CC51EA409}"
EndProject
Project("{F2A71F9B-5D33-465A-A702-920D77279786}") = "FBlob.Core.Tests", "FBlob.Core.Tests\FBlob.Core.Tests.fsproj", "{5F360C51-BF59-438B-A64B-8CE402309F03}"
EndProject
Project("{F2A71F9B-5D33-465A-A702-920D77279786}") = "FBlob.Hosting.Tests", "FBlob.Hosting.Tests\FBlob.Hosting.Tests.fsproj", "{462A6BE0-D98B-41AC-B9BE-4985B3721533}"
EndProject
Project("{F2A71F9B-5D33-465A-A702-920D77279786}") = "XDOM.Core", "Projects\XDOM\XDOM.Core\XDOM.Core.fsproj", "{0394A70E-2F85-4184-A5DF-2FEE904827D9}"
EndProject
Project("{F2A71F9B-5D33-465A-A702-920D77279786}") = "Inspired.Core", "Projects\Inspired\Inspired.Core\Inspired.Core\Inspired.Core.fsproj", "{B1BBD731-57FA-46A0-BCDE-B31FB9E99C49}"
EndProject
Project("{F2A71F9B-5D33-465A-A702-920D77279786}") = "Inspired.App", "Projects\Inspired\Inspired.App\Inspired.App.fsproj", "{6E8129BB-1FEE-467C-8F5F-0CBDA306EA23}"
EndProject
Project("{2150E333-8FDC-42A3-9474-1A3956D46DE8}") = "Projects", "Projects", "{05A97794-A7C8-400B-8AD7-319EBC172ABE}"
EndProject
Global
	GlobalSection(SolutionConfigurationPlatforms) = preSolution
		Debug|Any CPU = Debug|Any CPU
		Release|Any CPU = Release|Any CPU
	EndGlobalSection
	GlobalSection(ProjectConfigurationPlatforms) = postSolution
		{BA07F90E-2AD4-4ECE-8B21-E35ABF3CEA71}.Debug|Any CPU.ActiveCfg = Debug|Any CPU
		{BA07F90E-2AD4-4ECE-8B21-E35ABF3CEA71}.Debug|Any CPU.Build.0 = Debug|Any CPU
		{BA07F90E-2AD4-4ECE-8B21-E35ABF3CEA71}.Release|Any CPU.ActiveCfg = Release|Any CPU
		{BA07F90E-2AD4-4ECE-8B21-E35ABF3CEA71}.Release|Any CPU.Build.0 = Release|Any CPU
		{E90159C2-5D6F-4EC9-9CC0-31801D4E1C24}.Debug|Any CPU.ActiveCfg = Debug|Any CPU
		{E90159C2-5D6F-4EC9-9CC0-31801D4E1C24}.Debug|Any CPU.Build.0 = Debug|Any CPU
		{E90159C2-5D6F-4EC9-9CC0-31801D4E1C24}.Release|Any CPU.ActiveCfg = Release|Any CPU
		{E90159C2-5D6F-4EC9-9CC0-31801D4E1C24}.Release|Any CPU.Build.0 = Release|Any CPU
		{1D308312-6DF6-4363-8411-0534CE3C9700}.Debug|Any CPU.ActiveCfg = Debug|Any CPU
		{1D308312-6DF6-4363-8411-0534CE3C9700}.Debug|Any CPU.Build.0 = Debug|Any CPU
		{1D308312-6DF6-4363-8411-0534CE3C9700}.Release|Any CPU.ActiveCfg = Release|Any CPU
		{1D308312-6DF6-4363-8411-0534CE3C9700}.Release|Any CPU.Build.0 = Release|Any CPU
		{25676797-D181-4554-B773-3A3CC51EA409}.Debug|Any CPU.ActiveCfg = Debug|Any CPU
		{25676797-D181-4554-B773-3A3CC51EA409}.Debug|Any CPU.Build.0 = Debug|Any CPU
		{25676797-D181-4554-B773-3A3CC51EA409}.Release|Any CPU.ActiveCfg = Release|Any CPU
		{25676797-D181-4554-B773-3A3CC51EA409}.Release|Any CPU.Build.0 = Release|Any CPU
		{5F360C51-BF59-438B-A64B-8CE402309F03}.Debug|Any CPU.ActiveCfg = Debug|Any CPU
		{5F360C51-BF59-438B-A64B-8CE402309F03}.Debug|Any CPU.Build.0 = Debug|Any CPU
		{5F360C51-BF59-438B-A64B-8CE402309F03}.Release|Any CPU.ActiveCfg = Release|Any CPU
		{5F360C51-BF59-438B-A64B-8CE402309F03}.Release|Any CPU.Build.0 = Release|Any CPU
		{462A6BE0-D98B-41AC-B9BE-4985B3721533}.Debug|Any CPU.ActiveCfg = Debug|Any CPU
		{462A6BE0-D98B-41AC-B9BE-4985B3721533}.Debug|Any CPU.Build.0 = Debug|Any CPU
		{462A6BE0-D98B-41AC-B9BE-4985B3721533}.Release|Any CPU.ActiveCfg = Release|Any CPU
		{462A6BE0-D98B-41AC-B9BE-4985B3721533}.Release|Any CPU.Build.0 = Release|Any CPU
		{0394A70E-2F85-4184-A5DF-2FEE904827D9}.Debug|Any CPU.ActiveCfg = Debug|Any CPU
		{0394A70E-2F85-4184-A5DF-2FEE904827D9}.Debug|Any CPU.Build.0 = Debug|Any CPU
		{0394A70E-2F85-4184-A5DF-2FEE904827D9}.Release|Any CPU.ActiveCfg = Release|Any CPU
		{0394A70E-2F85-4184-A5DF-2FEE904827D9}.Release|Any CPU.Build.0 = Release|Any CPU
		{B1BBD731-57FA-46A0-BCDE-B31FB9E99C49}.Debug|Any CPU.ActiveCfg = Debug|Any CPU
		{B1BBD731-57FA-46A0-BCDE-B31FB9E99C49}.Debug|Any CPU.Build.0 = Debug|Any CPU
		{B1BBD731-57FA-46A0-BCDE-B31FB9E99C49}.Release|Any CPU.ActiveCfg = Release|Any CPU
		{B1BBD731-57FA-46A0-BCDE-B31FB9E99C49}.Release|Any CPU.Build.0 = Release|Any CPU
		{6E8129BB-1FEE-467C-8F5F-0CBDA306EA23}.Debug|Any CPU.ActiveCfg = Debug|Any CPU
		{6E8129BB-1FEE-467C-8F5F-0CBDA306EA23}.Debug|Any CPU.Build.0 = Debug|Any CPU
		{6E8129BB-1FEE-467C-8F5F-0CBDA306EA23}.Release|Any CPU.ActiveCfg = Release|Any CPU
		{6E8129BB-1FEE-467C-8F5F-0CBDA306EA23}.Release|Any CPU.Build.0 = Release|Any CPU
	EndGlobalSection
	GlobalSection(NestedProjects) = preSolution
		{6E8129BB-1FEE-467C-8F5F-0CBDA306EA23} = {05A97794-A7C8-400B-8AD7-319EBC172ABE}
		{B1BBD731-57FA-46A0-BCDE-B31FB9E99C49} = {05A97794-A7C8-400B-8AD7-319EBC172ABE}
		{0394A70E-2F85-4184-A5DF-2FEE904827D9} = {05A97794-A7C8-400B-8AD7-319EBC172ABE}
	EndGlobalSection
EndGlobal
